
Microsoft Visual Studio Solution File, Format Version 12.00
# Visual Studio Version 17
VisualStudioVersion = 17.4.33205.214
MinimumVisualStudioVersion = 10.0.40219.1
Project("{9A19103F-16F7-4668-BE54-9A1E7A4F7556}") = "Sales.Shared", "Sales.Shared\Sales.Shared.csproj", "{F73165BC-E9FF-401B-9C2D-B8F77D3AF35E}"
EndProject
Project("{9A19103F-16F7-4668-BE54-9A1E7A4F7556}") = "Sales.API", "Sales.API\Sales.API.csproj", "{02FAA420-5AD6-405E-85B2-FEF27D234CF1}"
EndProject
Project("{9A19103F-16F7-4668-BE54-9A1E7A4F7556}") = "Sales.WEB", "Sales.WEB\Sales.WEB.csproj", "{3A929403-9B70-42DD-8A4A-C1B79AE2840D}"
EndProject
Project("{9A19103F-16F7-4668-BE54-9A1E7A4F7556}") = "Sales.Mobile", "Sales.Mobile\Sales.Mobile.csproj", "{DB5E148F-90B8-4E40-9882-0D3BE14640C1}"
EndProject
Global
	GlobalSection(SolutionConfigurationPlatforms) = preSolution
		Debug|Any CPU = Debug|Any CPU
		Release|Any CPU = Release|Any CPU
	EndGlobalSection
	GlobalSection(ProjectConfigurationPlatforms) = postSolution
		{F73165BC-E9FF-401B-9C2D-B8F77D3AF35E}.Debug|Any CPU.ActiveCfg = Debug|Any CPU
		{F73165BC-E9FF-401B-9C2D-B8F77D3AF35E}.Debug|Any CPU.Build.0 = Debug|Any CPU
		{F73165BC-E9FF-401B-9C2D-B8F77D3AF35E}.Release|Any CPU.ActiveCfg = Release|Any CPU
		{F73165BC-E9FF-401B-9C2D-B8F77D3AF35E}.Release|Any CPU.Build.0 = Release|Any CPU
		{02FAA420-5AD6-405E-85B2-FEF27D234CF1}.Debug|Any CPU.ActiveCfg = Debug|Any CPU
		{02FAA420-5AD6-405E-85B2-FEF27D234CF1}.Debug|Any CPU.Build.0 = Debug|Any CPU
		{02FAA420-5AD6-405E-85B2-FEF27D234CF1}.Release|Any CPU.ActiveCfg = Release|Any CPU
		{02FAA420-5AD6-405E-85B2-FEF27D234CF1}.Release|Any CPU.Build.0 = Release|Any CPU
		{3A929403-9B70-42DD-8A4A-C1B79AE2840D}.Debug|Any CPU.ActiveCfg = Debug|Any CPU
		{3A929403-9B70-42DD-8A4A-C1B79AE2840D}.Debug|Any CPU.Build.0 = Debug|Any CPU
		{3A929403-9B70-42DD-8A4A-C1B79AE2840D}.Release|Any CPU.ActiveCfg = Release|Any CPU
		{3A929403-9B70-42DD-8A4A-C1B79AE2840D}.Release|Any CPU.Build.0 = Release|Any CPU
		{DB5E148F-90B8-4E40-9882-0D3BE14640C1}.Debug|Any CPU.ActiveCfg = Debug|Any CPU
		{DB5E148F-90B8-4E40-9882-0D3BE14640C1}.Debug|Any CPU.Build.0 = Debug|Any CPU
		{DB5E148F-90B8-4E40-9882-0D3BE14640C1}.Debug|Any CPU.Deploy.0 = Debug|Any CPU
		{DB5E148F-90B8-4E40-9882-0D3BE14640C1}.Release|Any CPU.ActiveCfg = Release|Any CPU
		{DB5E148F-90B8-4E40-9882-0D3BE14640C1}.Release|Any CPU.Build.0 = Release|Any CPU
		{DB5E148F-90B8-4E40-9882-0D3BE14640C1}.Release|Any CPU.Deploy.0 = Release|Any CPU
	EndGlobalSection
	GlobalSection(SolutionProperties) = preSolution
		HideSolutionNode = FALSE
	EndGlobalSection
	GlobalSection(ExtensibilityGlobals) = postSolution
		SolutionGuid = {F8607769-559F-4486-89EF-D91EA50E9837}
	EndGlobalSection
EndGlobal
